# @generated - this file is auto-generated by `mise lock` https://mise.jdx.dev/dev-tools/mise-lock.html

lockfile_version = 1

[[tools.fnox]]
version = "1.35.0"
backend = "github:jdx/fnox"
specifiers = ["1.35.0"]

[tools.fnox."platforms.linux-x64"]
checksum = "sha256:7b720b5852b01bc1e549fcf307ff6642d9929b25386d935da31f372ecedb88e4"
url = "https://github.com/jdx/fnox/releases/download/v1.35.0/fnox-x86_64-unknown-linux-gnu.tar.gz"
url_api = "https://api.github.com/repos/jdx/fnox/releases/assets/542598851"
provenance = "github-attestations"
provenance_verified = true

[tools.fnox."platforms.macos-arm64"]
checksum = "sha256:e474bde18bcc305360c4e688cad99c36165545824b61921973c4e6fef3ebd111"
url = "https://github.com/jdx/fnox/releases/download/v1.35.0/fnox-aarch64-apple-darwin.tar.gz"
url_api = "https://api.github.com/repos/jdx/fnox/releases/assets/542598829"
provenance = "github-attestations"

[[tools.prek]]
version = "0.5.2"
backend = "aqua:j178/prek"
specifiers = ["0.5.2"]

[tools.prek."platforms.linux-x64"]
checksum = "sha256:a4d51a463cb15ee2929368cc4884eec4ef33dce3ff5101b40e8ad7e1205b8f40"
url = "https://github.com/j178/prek/releases/download/v0.5.2/prek-x86_64-unknown-linux-gnu.tar.gz"
url_api = "https://api.github.com/repos/j178/prek/releases/assets/541547346"
provenance = "github-attestations"

[tools.prek."platforms.macos-arm64"]
checksum = "sha256:f3ef7692f8873c36d9437c77389833d3165fbe705ea66e53e169d83a89055f9b"
url = "https://github.com/j178/prek/releases/download/v0.5.2/prek-aarch64-apple-darwin.tar.gz"
url_api = "https://api.github.com/repos/j178/prek/releases/assets/541547294"
provenance = "github-attestations"

[[tools.vault]]
version = "2.1.0"
backend = "aqua:hashicorp/vault"
specifiers = ["2.1.0"]

[tools.vault."platforms.linux-x64"]
checksum = "sha256:08e8a13d29d20c5e28ef5e2c187bf3a2e84712a43615de1b3d24701ad9aab972"
url = "https://releases.hashicorp.com/vault/2.1.0/vault_2.1.0_linux_amd64.zip"

[tools.vault."platforms.macos-arm64"]
checksum = "sha256:c6589dc658f72ebd2792b1fba7b2e53413367ad673ae2513cfdec6422ed4da2c"
url = "https://releases.hashicorp.com/vault/2.1.0/vault_2.1.0_darwin_arm64.zip"
