# @generated - this file is auto-generated by `mise lock` https://mise.jdx.dev/dev-tools/mise-lock.html

lockfile_version = 1

[[tools.fnox]]
version = "1.36.0"
backend = "github:jdx/fnox"
specifiers = ["1.36.0"]

[tools.fnox."platforms.linux-x64"]
checksum = "sha256:9c4f4dd2ae9b704016798eef18e74fecb61f954cabb8ec4b97f848332954463d"
url = "https://github.com/jdx/fnox/releases/download/v1.36.0/fnox-x86_64-unknown-linux-gnu.tar.gz"
url_api = "https://api.github.com/repos/jdx/fnox/releases/assets/595127707"
provenance = "github-attestations"

[tools.fnox."platforms.macos-arm64"]
checksum = "sha256:b1de28349089d62b24518f1a6103005f9f3c82aaf5ca7872e65bf3fc349e4166"
url = "https://github.com/jdx/fnox/releases/download/v1.36.0/fnox-aarch64-apple-darwin.tar.gz"
url_api = "https://api.github.com/repos/jdx/fnox/releases/assets/595127664"
provenance = "github-attestations"

[[tools.prek]]
version = "0.5.4"
backend = "aqua:j178/prek"
specifiers = ["0.5.4"]

[tools.prek."platforms.linux-x64"]
checksum = "sha256:6147dfe64051af590f4bfc2c073a0780fb5e2cc37d9eab8e47fe9fe26c7dfb80"
url = "https://github.com/j178/prek/releases/download/v0.5.4/prek-x86_64-unknown-linux-gnu.tar.gz"
url_api = "https://api.github.com/repos/j178/prek/releases/assets/594534988"
provenance = "github-attestations"

[tools.prek."platforms.macos-arm64"]
checksum = "sha256:88eec06dd10fd61a9b345223fafc9bedb6746ee4cc47377551239d89d752b365"
url = "https://github.com/j178/prek/releases/download/v0.5.4/prek-aarch64-apple-darwin.tar.gz"
url_api = "https://api.github.com/repos/j178/prek/releases/assets/594534934"
provenance = "github-attestations"

[[tools.vault]]
version = "2.1.1"
backend = "aqua:hashicorp/vault"
specifiers = ["2.1.1"]

[tools.vault."platforms.linux-x64"]
checksum = "sha256:8aa90f9cea46f541fc7baa3d0ec692fc06afde9a248cc1f2dcac46a567c6f56b"
url = "https://releases.hashicorp.com/vault/2.1.1/vault_2.1.1_linux_amd64.zip"

[tools.vault."platforms.macos-arm64"]
checksum = "sha256:95d100472b726d889ee380c9335191abdf5b3e6f3108cde48f4f962bfea4f009"
url = "https://releases.hashicorp.com/vault/2.1.1/vault_2.1.1_darwin_arm64.zip"
